
Microsoft Visual Studio Solution File, Format Version 12.00
# Visual Studio Version 16
VisualStudioVersion = 16.0.31402.337
MinimumVisualStudioVersion = 10.0.40219.1
Project("{FAE04EC0-301F-11D3-BF4B-00C04F79EFBC}") = "TugasCodingCamp52", "TugasCodingCamp52\TugasCodingCamp52.csproj", "{8A0B91BB-5056-4101-B2EB-5477098723F0}"
EndProject
Global
	GlobalSection(SolutionConfigurationPlatforms) = preSolution
		Debug|Any CPU = Debug|Any CPU
		Release|Any CPU = Release|Any CPU
	EndGlobalSection
	GlobalSection(ProjectConfigurationPlatforms) = postSolution
		{8A0B91BB-5056-4101-B2EB-5477098723F0}.Debug|Any CPU.ActiveCfg = Debug|Any CPU
		{8A0B91BB-5056-4101-B2EB-5477098723F0}.Debug|Any CPU.Build.0 = Debug|Any CPU
		{8A0B91BB-5056-4101-B2EB-5477098723F0}.Release|Any CPU.ActiveCfg = Release|Any CPU
		{8A0B91BB-5056-4101-B2EB-5477098723F0}.Release|Any CPU.Build.0 = Release|Any CPU
	EndGlobalSection
	GlobalSection(SolutionProperties) = preSolution
		HideSolutionNode = FALSE
	EndGlobalSection
	GlobalSection(ExtensibilityGlobals) = postSolution
		SolutionGuid = {B39BEF23-3E3E-409B-A063-590D2661D57C}
	EndGlobalSection
EndGlobal
